// !$*UTF8*$!
{
	archiveVersion = 1;
	classes = {
	};
	objectVersion = 50;
	objects = {

/* Begin PBXBuildFile section */
		1999805424A0F322FA767867 /* Pods_SwiftyStateMachineDemoPods_Demo_macOS.framework in Frameworks */ = {isa = PBXBuildFile; fileRef = 50CF793342CE0112CD169E6F /* Pods_SwiftyStateMachineDemoPods_Demo_macOS.framework */; };
		7C5872014C4FF4406370074F /* Pods_SwiftyStateMachineDemoPods_SwiftyStateMachineDemo.framework in Frameworks */ = {isa = PBXBuildFile; fileRef = CE75C78C590B4F2361819E61 /* Pods_SwiftyStateMachineDemoPods_SwiftyStateMachineDemo.framework */; };
		E65BFB7922864FFF00CF7F8A /* SwiftyStateMachineDemoDiagramGenerator.swift in Sources */ = {isa = PBXBuildFile; fileRef = E65BFB7822864FFF00CF7F8A /* SwiftyStateMachineDemoDiagramGenerator.swift */; };
		E65BFB872286BA1200CF7F8A /* AppDelegate.swift in Sources */ = {isa = PBXBuildFile; fileRef = E65BFB862286BA1200CF7F8A /* AppDelegate.swift */; };
		E65BFB892286BA1200CF7F8A /* ViewController.swift in Sources */ = {isa = PBXBuildFile; fileRef = E65BFB882286BA1200CF7F8A /* ViewController.swift */; };
		E65BFB8B2286BA1300CF7F8A /* Assets.xcassets in Resources */ = {isa = PBXBuildFile; fileRef = E65BFB8A2286BA1300CF7F8A /* Assets.xcassets */; };
		E65BFB8E2286BA1300CF7F8A /* Main.storyboard in Resources */ = {isa = PBXBuildFile; fileRef = E65BFB8C2286BA1300CF7F8A /* Main.storyboard */; };
		E677BA1B2277D120009210D4 /* AppDelegate.swift in Sources */ = {isa = PBXBuildFile; fileRef = E677BA1A2277D120009210D4 /* AppDelegate.swift */; };
		E677BA1D2277D120009210D4 /* ViewController.swift in Sources */ = {isa = PBXBuildFile; fileRef = E677BA1C2277D120009210D4 /* ViewController.swift */; };
		E677BA202277D120009210D4 /* Main.storyboard in Resources */ = {isa = PBXBuildFile; fileRef = E677BA1E2277D120009210D4 /* Main.storyboard */; };
		E677BA222277D121009210D4 /* Assets.xcassets in Resources */ = {isa = PBXBuildFile; fileRef = E677BA212277D121009210D4 /* Assets.xcassets */; };
		E677BA252277D121009210D4 /* LaunchScreen.storyboard in Resources */ = {isa = PBXBuildFile; fileRef = E677BA232277D121009210D4 /* LaunchScreen.storyboard */; };
/* End PBXBuildFile section */

/* Begin PBXContainerItemProxy section */
		E65BFB7B22864FFF00CF7F8A /* PBXContainerItemProxy */ = {
			isa = PBXContainerItemProxy;
			containerPortal = E677BA0F2277D120009210D4 /* Project object */;
			proxyType = 1;
			remoteGlobalIDString = E677BA162277D120009210D4;
			remoteInfo = SwiftyStateMachineDemo;
		};
/* End PBXContainerItemProxy section */

/* Begin PBXFileReference section */
		15D7685BFA53E8F733BD7D9B /* Pods-SwiftyStateMachineDemoPods-Demo-macOS.release.xcconfig */ = {isa = PBXFileReference; includeInIndex = 1; lastKnownFileType = text.xcconfig; name = "Pods-SwiftyStateMachineDemoPods-Demo-macOS.release.xcconfig"; path = "Target Support Files/Pods-SwiftyStateMachineDemoPods-Demo-macOS/Pods-SwiftyStateMachineDemoPods-Demo-macOS.release.xcconfig"; sourceTree = "<group>"; };
		2647CE514347749EC5F4B478 /* Pods-SwiftyStateMachineDemoPods-Demo-macOS.debug.xcconfig */ = {isa = PBXFileReference; includeInIndex = 1; lastKnownFileType = text.xcconfig; name = "Pods-SwiftyStateMachineDemoPods-Demo-macOS.debug.xcconfig"; path = "Target Support Files/Pods-SwiftyStateMachineDemoPods-Demo-macOS/Pods-SwiftyStateMachineDemoPods-Demo-macOS.debug.xcconfig"; sourceTree = "<group>"; };
		314688A93A85B78337A8D2DC /* Pods-SwiftyStateMachineDemoPods-SwiftyStateMachineDemo.debug.xcconfig */ = {isa = PBXFileReference; includeInIndex = 1; lastKnownFileType = text.xcconfig; name = "Pods-SwiftyStateMachineDemoPods-SwiftyStateMachineDemo.debug.xcconfig"; path = "Target Support Files/Pods-SwiftyStateMachineDemoPods-SwiftyStateMachineDemo/Pods-SwiftyStateMachineDemoPods-SwiftyStateMachineDemo.debug.xcconfig"; sourceTree = "<group>"; };
		50CF793342CE0112CD169E6F /* Pods_SwiftyStateMachineDemoPods_Demo_macOS.framework */ = {isa = PBXFileReference; explicitFileType = wrapper.framework; includeInIndex = 0; path = Pods_SwiftyStateMachineDemoPods_Demo_macOS.framework; sourceTree = BUILT_PRODUCTS_DIR; };
		A1C9E353ACC27B23BC14F5A9 /* Pods-SwiftyStateMachineDemoPods-SwiftyStateMachineDemo.release.xcconfig */ = {isa = PBXFileReference; includeInIndex = 1; lastKnownFileType = text.xcconfig; name = "Pods-SwiftyStateMachineDemoPods-SwiftyStateMachineDemo.release.xcconfig"; path = "Target Support Files/Pods-SwiftyStateMachineDemoPods-SwiftyStateMachineDemo/Pods-SwiftyStateMachineDemoPods-SwiftyStateMachineDemo.release.xcconfig"; sourceTree = "<group>"; };
		CE75C78C590B4F2361819E61 /* Pods_SwiftyStateMachineDemoPods_SwiftyStateMachineDemo.framework */ = {isa = PBXFileReference; explicitFileType = wrapper.framework; includeInIndex = 0; path = Pods_SwiftyStateMachineDemoPods_SwiftyStateMachineDemo.framework; sourceTree = BUILT_PRODUCTS_DIR; };
		E65BFB7622864FFF00CF7F8A /* SwiftyStateMachineDemoDiagramGenerator.xctest */ = {isa = PBXFileReference; explicitFileType = wrapper.cfbundle; includeInIndex = 0; path = SwiftyStateMachineDemoDiagramGenerator.xctest; sourceTree = BUILT_PRODUCTS_DIR; };
		E65BFB7822864FFF00CF7F8A /* SwiftyStateMachineDemoDiagramGenerator.swift */ = {isa = PBXFileReference; lastKnownFileType = sourcecode.swift; path = SwiftyStateMachineDemoDiagramGenerator.swift; sourceTree = "<group>"; };
		E65BFB7A22864FFF00CF7F8A /* Info.plist */ = {isa = PBXFileReference; lastKnownFileType = text.plist.xml; path = Info.plist; sourceTree = "<group>"; };
		E65BFB842286BA1200CF7F8A /* Demo-macOS.app */ = {isa = PBXFileReference; explicitFileType = wrapper.application; includeInIndex = 0; path = "Demo-macOS.app"; sourceTree = BUILT_PRODUCTS_DIR; };
		E65BFB862286BA1200CF7F8A /* AppDelegate.swift */ = {isa = PBXFileReference; lastKnownFileType = sourcecode.swift; path = AppDelegate.swift; sourceTree = "<group>"; };
		E65BFB882286BA1200CF7F8A /* ViewController.swift */ = {isa = PBXFileReference; lastKnownFileType = sourcecode.swift; path = ViewController.swift; sourceTree = "<group>"; };
		E65BFB8A2286BA1300CF7F8A /* Assets.xcassets */ = {isa = PBXFileReference; lastKnownFileType = folder.assetcatalog; path = Assets.xcassets; sourceTree = "<group>"; };
		E65BFB8D2286BA1300CF7F8A /* Base */ = {isa = PBXFileReference; lastKnownFileType = file.storyboard; name = Base; path = Base.lproj/Main.storyboard; sourceTree = "<group>"; };
		E65BFB8F2286BA1300CF7F8A /* Info.plist */ = {isa = PBXFileReference; lastKnownFileType = text.plist.xml; path = Info.plist; sourceTree = "<group>"; };
		E65BFB902286BA1300CF7F8A /* Demo_macOS.entitlements */ = {isa = PBXFileReference; lastKnownFileType = text.plist.entitlements; path = Demo_macOS.entitlements; sourceTree = "<group>"; };
		E677BA172277D120009210D4 /* SwiftyStateMachineDemo.app */ = {isa = PBXFileReference; explicitFileType = wrapper.application; includeInIndex = 0; path = SwiftyStateMachineDemo.app; sourceTree = BUILT_PRODUCTS_DIR; };
		E677BA1A2277D120009210D4 /* AppDelegate.swift */ = {isa = PBXFileReference; lastKnownFileType = sourcecode.swift; path = AppDelegate.swift; sourceTree = "<group>"; };
		E677BA1C2277D120009210D4 /* ViewController.swift */ = {isa = PBXFileReference; lastKnownFileType = sourcecode.swift; path = ViewController.swift; sourceTree = "<group>"; };
		E677BA1F2277D120009210D4 /* Base */ = {isa = PBXFileReference; lastKnownFileType = file.storyboard; name = Base; path = Base.lproj/Main.storyboard; sourceTree = "<group>"; };
		E677BA212277D121009210D4 /* Assets.xcassets */ = {isa = PBXFileReference; lastKnownFileType = folder.assetcatalog; path = Assets.xcassets; sourceTree = "<group>"; };
		E677BA242277D121009210D4 /* Base */ = {isa = PBXFileReference; lastKnownFileType = file.storyboard; name = Base; path = Base.lproj/LaunchScreen.storyboard; sourceTree = "<group>"; };
		E677BA262277D121009210D4 /* Info.plist */ = {isa = PBXFileReference; lastKnownFileType = text.plist.xml; path = Info.plist; sourceTree = "<group>"; };
/* End PBXFileReference section */

/* Begin PBXFrameworksBuildPhase section */
		E65BFB7322864FFF00CF7F8A /* Frameworks */ = {
			isa = PBXFrameworksBuildPhase;
			buildActionMask = 2147483647;
			files = (
			);
			runOnlyForDeploymentPostprocessing = 0;
		};
		E65BFB812286BA1200CF7F8A /* Frameworks */ = {
			isa = PBXFrameworksBuildPhase;
			buildActionMask = 2147483647;
			files = (
				1999805424A0F322FA767867 /* Pods_SwiftyStateMachineDemoPods_Demo_macOS.framework in Frameworks */,
			);
			runOnlyForDeploymentPostprocessing = 0;
		};
		E677BA142277D120009210D4 /* Frameworks */ = {
			isa = PBXFrameworksBuildPhase;
			buildActionMask = 2147483647;
			files = (
				7C5872014C4FF4406370074F /* Pods_SwiftyStateMachineDemoPods_SwiftyStateMachineDemo.framework in Frameworks */,
			);
			runOnlyForDeploymentPostprocessing = 0;
		};
/* End PBXFrameworksBuildPhase section */

/* Begin PBXGroup section */
		AB1F79EEFD09BCEAC3A27568 /* Pods */ = {
			isa = PBXGroup;
			children = (
				2647CE514347749EC5F4B478 /* Pods-SwiftyStateMachineDemoPods-Demo-macOS.debug.xcconfig */,
				15D7685BFA53E8F733BD7D9B /* Pods-SwiftyStateMachineDemoPods-Demo-macOS.release.xcconfig */,
				314688A93A85B78337A8D2DC /* Pods-SwiftyStateMachineDemoPods-SwiftyStateMachineDemo.debug.xcconfig */,
				A1C9E353ACC27B23BC14F5A9 /* Pods-SwiftyStateMachineDemoPods-SwiftyStateMachineDemo.release.xcconfig */,
			);
			path = Pods;
			sourceTree = "<group>";
		};
		AFA636EC553AB1009FF831D2 /* Frameworks */ = {
			isa = PBXGroup;
			children = (
				50CF793342CE0112CD169E6F /* Pods_SwiftyStateMachineDemoPods_Demo_macOS.framework */,
				CE75C78C590B4F2361819E61 /* Pods_SwiftyStateMachineDemoPods_SwiftyStateMachineDemo.framework */,
			);
			name = Frameworks;
			sourceTree = "<group>";
		};
		E65BFB7722864FFF00CF7F8A /* SwiftyStateMachineDemoDiagramGenerator */ = {
			isa = PBXGroup;
			children = (
				E65BFB7822864FFF00CF7F8A /* SwiftyStateMachineDemoDiagramGenerator.swift */,
				E65BFB7A22864FFF00CF7F8A /* Info.plist */,
			);
			path = SwiftyStateMachineDemoDiagramGenerator;
			sourceTree = "<group>";
		};
		E65BFB852286BA1200CF7F8A /* Demo-macOS */ = {
			isa = PBXGroup;
			children = (
				E65BFB862286BA1200CF7F8A /* AppDelegate.swift */,
				E65BFB882286BA1200CF7F8A /* ViewController.swift */,
				E65BFB8A2286BA1300CF7F8A /* Assets.xcassets */,
				E65BFB8C2286BA1300CF7F8A /* Main.storyboard */,
				E65BFB8F2286BA1300CF7F8A /* Info.plist */,
				E65BFB902286BA1300CF7F8A /* Demo_macOS.entitlements */,
			);
			path = "Demo-macOS";
			sourceTree = "<group>";
		};
		E677BA0E2277D120009210D4 = {
			isa = PBXGroup;
			children = (
				E677BA192277D120009210D4 /* SwiftyStateMachineDemo */,
				E65BFB7722864FFF00CF7F8A /* SwiftyStateMachineDemoDiagramGenerator */,
				E65BFB852286BA1200CF7F8A /* Demo-macOS */,
				E677BA182277D120009210D4 /* Products */,
				AB1F79EEFD09BCEAC3A27568 /* Pods */,
				AFA636EC553AB1009FF831D2 /* Frameworks */,
			);
			sourceTree = "<group>";
		};
		E677BA182277D120009210D4 /* Products */ = {
			isa = PBXGroup;
			children = (
				E677BA172277D120009210D4 /* SwiftyStateMachineDemo.app */,
				E65BFB7622864FFF00CF7F8A /* SwiftyStateMachineDemoDiagramGenerator.xctest */,
				E65BFB842286BA1200CF7F8A /* Demo-macOS.app */,
			);
			name = Products;
			sourceTree = "<group>";
		};
		E677BA192277D120009210D4 /* SwiftyStateMachineDemo */ = {
			isa = PBXGroup;
			children = (
				E677BA1A2277D120009210D4 /* AppDelegate.swift */,
				E677BA1C2277D120009210D4 /* ViewController.swift */,
				E677BA1E2277D120009210D4 /* Main.storyboard */,
				E677BA212277D121009210D4 /* Assets.xcassets */,
				E677BA232277D121009210D4 /* LaunchScreen.storyboard */,
				E677BA262277D121009210D4 /* Info.plist */,
			);
			path = SwiftyStateMachineDemo;
			sourceTree = "<group>";
		};
/* End PBXGroup section */

/* Begin PBXNativeTarget section */
		E65BFB7522864FFF00CF7F8A /* SwiftyStateMachineDemoDiagramGenerator */ = {
			isa = PBXNativeTarget;
			buildConfigurationList = E65BFB7F22864FFF00CF7F8A /* Build configuration list for PBXNativeTarget "SwiftyStateMachineDemoDiagramGenerator" */;
			buildPhases = (
				E65BFB7222864FFF00CF7F8A /* Sources */,
				E65BFB7322864FFF00CF7F8A /* Frameworks */,
				E65BFB7422864FFF00CF7F8A /* Resources */,
			);
			buildRules = (
			);
			dependencies = (
				E65BFB7C22864FFF00CF7F8A /* PBXTargetDependency */,
			);
			name = SwiftyStateMachineDemoDiagramGenerator;
			productName = SwiftyStateMachineDemoDiagramGenerator;
			productReference = E65BFB7622864FFF00CF7F8A /* SwiftyStateMachineDemoDiagramGenerator.xctest */;
			productType = "com.apple.product-type.bundle.unit-test";
		};
		E65BFB832286BA1200CF7F8A /* Demo-macOS */ = {
			isa = PBXNativeTarget;
			buildConfigurationList = E65BFB932286BA1300CF7F8A /* Build configuration list for PBXNativeTarget "Demo-macOS" */;
			buildPhases = (
				89C6608E93837DF7FF158DB2 /* [CP] Check Pods Manifest.lock */,
				E65BFB802286BA1200CF7F8A /* Sources */,
				E65BFB812286BA1200CF7F8A /* Frameworks */,
				E65BFB822286BA1200CF7F8A /* Resources */,
				91EC0D63CE28242ECBE9EA0F /* [CP] Embed Pods Frameworks */,
			);
			buildRules = (
			);
			dependencies = (
			);
			name = "Demo-macOS";
			productName = "Demo-macOS";
			productReference = E65BFB842286BA1200CF7F8A /* Demo-macOS.app */;
			productType = "com.apple.product-type.application";
		};
		E677BA162277D120009210D4 /* SwiftyStateMachineDemo */ = {
			isa = PBXNativeTarget;
			buildConfigurationList = E677BA292277D121009210D4 /* Build configuration list for PBXNativeTarget "SwiftyStateMachineDemo" */;
			buildPhases = (
				D7742E644C6A1D6DF4F4BDBC /* [CP] Check Pods Manifest.lock */,
				E677BA132277D120009210D4 /* Sources */,
				E677BA142277D120009210D4 /* Frameworks */,
				E677BA152277D120009210D4 /* Resources */,
				0D4E2713323FBD17343B6AAC /* [CP] Embed Pods Frameworks */,
			);
			buildRules = (
			);
			dependencies = (
			);
			name = SwiftyStateMachineDemo;
			productName = SwiftyStateMachineDemo;
			productReference = E677BA172277D120009210D4 /* SwiftyStateMachineDemo.app */;
			productType = "com.apple.product-type.application";
		};
/* End PBXNativeTarget section */

/* Begin PBXProject section */
		E677BA0F2277D120009210D4 /* Project object */ = {
			isa = PBXProject;
			attributes = {
				LastSwiftUpdateCheck = 1020;
				LastUpgradeCheck = 1020;
				ORGANIZATIONNAME = "Andrew McKnight";
				TargetAttributes = {
					E65BFB7522864FFF00CF7F8A = {
						CreatedOnToolsVersion = 10.2.1;
						TestTargetID = E677BA162277D120009210D4;
					};
					E65BFB832286BA1200CF7F8A = {
						CreatedOnToolsVersion = 10.2.1;
					};
					E677BA162277D120009210D4 = {
						CreatedOnToolsVersion = 10.2.1;
					};
				};
			};
			buildConfigurationList = E677BA122277D120009210D4 /* Build configuration list for PBXProject "SwiftyStateMachineDemo" */;
			compatibilityVersion = "Xcode 9.3";
			developmentRegion = en;
			hasScannedForEncodings = 0;
			knownRegions = (
				en,
				Base,
			);
			mainGroup = E677BA0E2277D120009210D4;
			productRefGroup = E677BA182277D120009210D4 /* Products */;
			projectDirPath = "";
			projectRoot = "";
			targets = (
				E677BA162277D120009210D4 /* SwiftyStateMachineDemo */,
				E65BFB7522864FFF00CF7F8A /* SwiftyStateMachineDemoDiagramGenerator */,
				E65BFB832286BA1200CF7F8A /* Demo-macOS */,
			);
		};
/* End PBXProject section */

/* Begin PBXResourcesBuildPhase section */
		E65BFB7422864FFF00CF7F8A /* Resources */ = {
			isa = PBXResourcesBuildPhase;
			buildActionMask = 2147483647;
			files = (
			);
			runOnlyForDeploymentPostprocessing = 0;
		};
		E65BFB822286BA1200CF7F8A /* Resources */ = {
			isa = PBXResourcesBuildPhase;
			buildActionMask = 2147483647;
			files = (
				E65BFB8B2286BA1300CF7F8A /* Assets.xcassets in Resources */,
				E65BFB8E2286BA1300CF7F8A /* Main.storyboard in Resources */,
			);
			runOnlyForDeploymentPostprocessing = 0;
		};
		E677BA152277D120009210D4 /* Resources */ = {
			isa = PBXResourcesBuildPhase;
			buildActionMask = 2147483647;
			files = (
				E677BA252277D121009210D4 /* LaunchScreen.storyboard in Resources */,
				E677BA222277D121009210D4 /* Assets.xcassets in Resources */,
				E677BA202277D120009210D4 /* Main.storyboard in Resources */,
			);
			runOnlyForDeploymentPostprocessing = 0;
		};
/* End PBXResourcesBuildPhase section */

/* Begin PBXShellScriptBuildPhase section */
		0D4E2713323FBD17343B6AAC /* [CP] Embed Pods Frameworks */ = {
			isa = PBXShellScriptBuildPhase;
			buildActionMask = 2147483647;
			files = (
			);
			inputFileListPaths = (
			);
			inputPaths = (
				"${PODS_ROOT}/Target Support Files/Pods-SwiftyStateMachineDemoPods-SwiftyStateMachineDemo/Pods-SwiftyStateMachineDemoPods-SwiftyStateMachineDemo-frameworks.sh",
				"${BUILT_PRODUCTS_DIR}/SwiftyStateMachine-iOS/SwiftyStateMachine.framework",
			);
			name = "[CP] Embed Pods Frameworks";
			outputFileListPaths = (
			);
			outputPaths = (
				"${TARGET_BUILD_DIR}/${FRAMEWORKS_FOLDER_PATH}/SwiftyStateMachine.framework",
			);
			runOnlyForDeploymentPostprocessing = 0;
			shellPath = /bin/sh;
			shellScript = "\"${PODS_ROOT}/Target Support Files/Pods-SwiftyStateMachineDemoPods-SwiftyStateMachineDemo/Pods-SwiftyStateMachineDemoPods-SwiftyStateMachineDemo-frameworks.sh\"\n";
			showEnvVarsInLog = 0;
		};
		89C6608E93837DF7FF158DB2 /* [CP] Check Pods Manifest.lock */ = {
			isa = PBXShellScriptBuildPhase;
			buildActionMask = 2147483647;
			files = (
			);
			inputFileListPaths = (
			);
			inputPaths = (
				"${PODS_PODFILE_DIR_PATH}/Podfile.lock",
				"${PODS_ROOT}/Manifest.lock",
			);
			name = "[CP] Check Pods Manifest.lock";
			outputFileListPaths = (
			);
			outputPaths = (
				"$(DERIVED_FILE_DIR)/Pods-SwiftyStateMachineDemoPods-Demo-macOS-checkManifestLockResult.txt",
			);
			runOnlyForDeploymentPostprocessing = 0;
			shellPath = /bin/sh;
			shellScript = "diff \"${PODS_PODFILE_DIR_PATH}/Podfile.lock\" \"${PODS_ROOT}/Manifest.lock\" > /dev/null\nif [ $? != 0 ] ; then\n    # print error to STDERR\n    echo \"error: The sandbox is not in sync with the Podfile.lock. Run 'pod install' or update your CocoaPods installation.\" >&2\n    exit 1\nfi\n# This output is used by Xcode 'outputs' to avoid re-running this script phase.\necho \"SUCCESS\" > \"${SCRIPT_OUTPUT_FILE_0}\"\n";
			showEnvVarsInLog = 0;
		};
		91EC0D63CE28242ECBE9EA0F /* [CP] Embed Pods Frameworks */ = {
			isa = PBXShellScriptBuildPhase;
			buildActionMask = 2147483647;
			files = (
			);
			inputFileListPaths = (
			);
			inputPaths = (
				"${PODS_ROOT}/Target Support Files/Pods-SwiftyStateMachineDemoPods-Demo-macOS/Pods-SwiftyStateMachineDemoPods-Demo-macOS-frameworks.sh",
				"${BUILT_PRODUCTS_DIR}/SwiftyStateMachine-macOS/SwiftyStateMachine.framework",
			);
			name = "[CP] Embed Pods Frameworks";
			outputFileListPaths = (
			);
			outputPaths = (
				"${TARGET_BUILD_DIR}/${FRAMEWORKS_FOLDER_PATH}/SwiftyStateMachine.framework",
			);
			runOnlyForDeploymentPostprocessing = 0;
			shellPath = /bin/sh;
			shellScript = "\"${PODS_ROOT}/Target Support Files/Pods-SwiftyStateMachineDemoPods-Demo-macOS/Pods-SwiftyStateMachineDemoPods-Demo-macOS-frameworks.sh\"\n";
			showEnvVarsInLog = 0;
		};
		D7742E644C6A1D6DF4F4BDBC /* [CP] Check Pods Manifest.lock */ = {
			isa = PBXShellScriptBuildPhase;
			buildActionMask = 2147483647;
			files = (
			);
			inputFileListPaths = (
			);
			inputPaths = (
				"${PODS_PODFILE_DIR_PATH}/Podfile.lock",
				"${PODS_ROOT}/Manifest.lock",
			);
			name = "[CP] Check Pods Manifest.lock";
			outputFileListPaths = (
			);
			outputPaths = (
				"$(DERIVED_FILE_DIR)/Pods-SwiftyStateMachineDemoPods-SwiftyStateMachineDemo-checkManifestLockResult.txt",
			);
			runOnlyForDeploymentPostprocessing = 0;
			shellPath = /bin/sh;
			shellScript = "diff \"${PODS_PODFILE_DIR_PATH}/Podfile.lock\" \"${PODS_ROOT}/Manifest.lock\" > /dev/null\nif [ $? != 0 ] ; then\n    # print error to STDERR\n    echo \"error: The sandbox is not in sync with the Podfile.lock. Run 'pod install' or update your CocoaPods installation.\" >&2\n    exit 1\nfi\n# This output is used by Xcode 'outputs' to avoid re-running this script phase.\necho \"SUCCESS\" > \"${SCRIPT_OUTPUT_FILE_0}\"\n";
			showEnvVarsInLog = 0;
		};
/* End PBXShellScriptBuildPhase section */

/* Begin PBXSourcesBuildPhase section */
		E65BFB7222864FFF00CF7F8A /* Sources */ = {
			isa = PBXSourcesBuildPhase;
			buildActionMask = 2147483647;
			files = (
				E65BFB7922864FFF00CF7F8A /* SwiftyStateMachineDemoDiagramGenerator.swift in Sources */,
			);
			runOnlyForDeploymentPostprocessing = 0;
		};
		E65BFB802286BA1200CF7F8A /* Sources */ = {
			isa = PBXSourcesBuildPhase;
			buildActionMask = 2147483647;
			files = (
				E65BFB892286BA1200CF7F8A /* ViewController.swift in Sources */,
				E65BFB872286BA1200CF7F8A /* AppDelegate.swift in Sources */,
			);
			runOnlyForDeploymentPostprocessing = 0;
		};
		E677BA132277D120009210D4 /* Sources */ = {
			isa = PBXSourcesBuildPhase;
			buildActionMask = 2147483647;
			files = (
				E677BA1D2277D120009210D4 /* ViewController.swift in Sources */,
				E677BA1B2277D120009210D4 /* AppDelegate.swift in Sources */,
			);
			runOnlyForDeploymentPostprocessing = 0;
		};
/* End PBXSourcesBuildPhase section */

/* Begin PBXTargetDependency section */
		E65BFB7C22864FFF00CF7F8A /* PBXTargetDependency */ = {
			isa = PBXTargetDependency;
			target = E677BA162277D120009210D4 /* SwiftyStateMachineDemo */;
			targetProxy = E65BFB7B22864FFF00CF7F8A /* PBXContainerItemProxy */;
		};
/* End PBXTargetDependency section */

/* Begin PBXVariantGroup section */
		E65BFB8C2286BA1300CF7F8A /* Main.storyboard */ = {
			isa = PBXVariantGroup;
			children = (
				E65BFB8D2286BA1300CF7F8A /* Base */,
			);
			name = Main.storyboard;
			sourceTree = "<group>";
		};
		E677BA1E2277D120009210D4 /* Main.storyboard */ = {
			isa = PBXVariantGroup;
			children = (
				E677BA1F2277D120009210D4 /* Base */,
			);
			name = Main.storyboard;
			sourceTree = "<group>";
		};
		E677BA232277D121009210D4 /* LaunchScreen.storyboard */ = {
			isa = PBXVariantGroup;
			children = (
				E677BA242277D121009210D4 /* Base */,
			);
			name = LaunchScreen.storyboard;
			sourceTree = "<group>";
		};
/* End PBXVariantGroup section */

/* Begin XCBuildConfiguration section */
		E65BFB7D22864FFF00CF7F8A /* Debug */ = {
			isa = XCBuildConfiguration;
			buildSettings = {
				BUNDLE_LOADER = "$(TEST_HOST)";
				CODE_SIGN_STYLE = Automatic;
				INFOPLIST_FILE = SwiftyStateMachineDemoDiagramGenerator/Info.plist;
				LD_RUNPATH_SEARCH_PATHS = (
					"$(inherited)",
					"@executable_path/Frameworks",
					"@loader_path/Frameworks",
				);
				PRODUCT_BUNDLE_IDENTIFIER = com.SwiftyStateMachineDemoDiagramGenerator;
				PRODUCT_NAME = "$(TARGET_NAME)";
				SWIFT_VERSION = 5.0;
				TARGETED_DEVICE_FAMILY = "1,2";
				TEST_HOST = "$(BUILT_PRODUCTS_DIR)/SwiftyStateMachineDemo.app/SwiftyStateMachineDemo";
			};
			name = Debug;
		};
		E65BFB7E22864FFF00CF7F8A /* Release */ = {
			isa = XCBuildConfiguration;
			buildSettings = {
				BUNDLE_LOADER = "$(TEST_HOST)";
				CODE_SIGN_STYLE = Automatic;
				INFOPLIST_FILE = SwiftyStateMachineDemoDiagramGenerator/Info.plist;
				LD_RUNPATH_SEARCH_PATHS = (
					"$(inherited)",
					"@executable_path/Frameworks",
					"@loader_path/Frameworks",
				);
				PRODUCT_BUNDLE_IDENTIFIER = com.SwiftyStateMachineDemoDiagramGenerator;
				PRODUCT_NAME = "$(TARGET_NAME)";
				SWIFT_VERSION = 5.0;
				TARGETED_DEVICE_FAMILY = "1,2";
				TEST_HOST = "$(BUILT_PRODUCTS_DIR)/SwiftyStateMachineDemo.app/SwiftyStateMachineDemo";
			};
			name = Release;
		};
		E65BFB912286BA1300CF7F8A /* Debug */ = {
			isa = XCBuildConfiguration;
			baseConfigurationReference = 2647CE514347749EC5F4B478 /* Pods-SwiftyStateMachineDemoPods-Demo-macOS.debug.xcconfig */;
			buildSettings = {
				ASSETCATALOG_COMPILER_APPICON_NAME = AppIcon;
				CODE_SIGN_ENTITLEMENTS = "Demo-macOS/Demo_macOS.entitlements";
				CODE_SIGN_IDENTITY = "-";
				CODE_SIGN_STYLE = Automatic;
				COMBINE_HIDPI_IMAGES = YES;
				INFOPLIST_FILE = "Demo-macOS/Info.plist";
				LD_RUNPATH_SEARCH_PATHS = (
					"$(inherited)",
					"@executable_path/../Frameworks",
				);
				MACOSX_DEPLOYMENT_TARGET = 10.14;
				PRODUCT_BUNDLE_IDENTIFIER = "com.Demo-macOS";
				PRODUCT_NAME = "$(TARGET_NAME)";
				SDKROOT = macosx;
				SWIFT_VERSION = 5.0;
			};
			name = Debug;
		};
		E65BFB922286BA1300CF7F8A /* Release */ = {
			isa = XCBuildConfiguration;
			baseConfigurationReference = 15D7685BFA53E8F733BD7D9B /* Pods-SwiftyStateMachineDemoPods-Demo-macOS.release.xcconfig */;
			buildSettings = {
				ASSETCATALOG_COMPILER_APPICON_NAME = AppIcon;
				CODE_SIGN_ENTITLEMENTS = "Demo-macOS/Demo_macOS.entitlements";
				CODE_SIGN_IDENTITY = "-";
				CODE_SIGN_STYLE = Automatic;
				COMBINE_HIDPI_IMAGES = YES;
				INFOPLIST_FILE = "Demo-macOS/Info.plist";
				LD_RUNPATH_SEARCH_PATHS = (
					"$(inherited)",
					"@executable_path/../Frameworks",
				);
				MACOSX_DEPLOYMENT_TARGET = 10.14;
				PRODUCT_BUNDLE_IDENTIFIER = "com.Demo-macOS";
				PRODUCT_NAME = "$(TARGET_NAME)";
				SDKROOT = macosx;
				SWIFT_VERSION = 5.0;
			};
			name = Release;
		};
		E677BA272277D121009210D4 /* Debug */ = {
			isa = XCBuildConfiguration;
			buildSettings = {
				ALWAYS_SEARCH_USER_PATHS = NO;
				CLANG_ANALYZER_NONNULL = YES;
				CLANG_ANALYZER_NUMBER_OBJECT_CONVERSION = YES_AGGRESSIVE;
				CLANG_CXX_LANGUAGE_STANDARD = "gnu++14";
				CLANG_CXX_LIBRARY = "libc++";
				CLANG_ENABLE_MODULES = YES;
				CLANG_ENABLE_OBJC_ARC = YES;
				CLANG_ENABLE_OBJC_WEAK = YES;
				CLANG_WARN_BLOCK_CAPTURE_AUTORELEASING = YES;
				CLANG_WARN_BOOL_CONVERSION = YES;
				CLANG_WARN_COMMA = YES;
				CLANG_WARN_CONSTANT_CONVERSION = YES;
				CLANG_WARN_DEPRECATED_OBJC_IMPLEMENTATIONS = YES;
				CLANG_WARN_DIRECT_OBJC_ISA_USAGE = YES_ERROR;
				CLANG_WARN_DOCUMENTATION_COMMENTS = YES;
				CLANG_WARN_EMPTY_BODY = YES;
				CLANG_WARN_ENUM_CONVERSION = YES;
				CLANG_WARN_INFINITE_RECURSION = YES;
				CLANG_WARN_INT_CONVERSION = YES;
				CLANG_WARN_NON_LITERAL_NULL_CONVERSION = YES;
				CLANG_WARN_OBJC_IMPLICIT_RETAIN_SELF = YES;
				CLANG_WARN_OBJC_LITERAL_CONVERSION = YES;
				CLANG_WARN_OBJC_ROOT_CLASS = YES_ERROR;
				CLANG_WARN_RANGE_LOOP_ANALYSIS = YES;
				CLANG_WARN_STRICT_PROTOTYPES = YES;
				CLANG_WARN_SUSPICIOUS_MOVE = YES;
				CLANG_WARN_UNGUARDED_AVAILABILITY = YES_AGGRESSIVE;
				CLANG_WARN_UNREACHABLE_CODE = YES;
				CLANG_WARN__DUPLICATE_METHOD_MATCH = YES;
				CODE_SIGN_IDENTITY = "iPhone Developer";
				COPY_PHASE_STRIP = NO;
				DEBUG_INFORMATION_FORMAT = dwarf;
				ENABLE_STRICT_OBJC_MSGSEND = YES;
				ENABLE_TESTABILITY = YES;
				GCC_C_LANGUAGE_STANDARD = gnu11;
				GCC_DYNAMIC_NO_PIC = NO;
				GCC_NO_COMMON_BLOCKS = YES;
				GCC_OPTIMIZATION_LEVEL = 0;
				GCC_PREPROCESSOR_DEFINITIONS = (
					"DEBUG=1",
					"$(inherited)",
				);
				GCC_WARN_64_TO_32_BIT_CONVERSION = YES;
				GCC_WARN_ABOUT_RETURN_TYPE = YES_ERROR;
				GCC_WARN_UNDECLARED_SELECTOR = YES;
				GCC_WARN_UNINITIALIZED_AUTOS = YES_AGGRESSIVE;
				GCC_WARN_UNUSED_FUNCTION = YES;
				GCC_WARN_UNUSED_VARIABLE = YES;
				IPHONEOS_DEPLOYMENT_TARGET = 12.2;
				MTL_ENABLE_DEBUG_INFO = INCLUDE_SOURCE;
				MTL_FAST_MATH = YES;
				ONLY_ACTIVE_ARCH = YES;
				SDKROOT = iphoneos;
				SWIFT_ACTIVE_COMPILATION_CONDITIONS = DEBUG;
				SWIFT_OPTIMIZATION_LEVEL = "-Onone";
			};
			name = Debug;
		};
		E677BA282277D121009210D4 /* Release */ = {
			isa = XCBuildConfiguration;
			buildSettings = {
				ALWAYS_SEARCH_USER_PATHS = NO;
				CLANG_ANALYZER_NONNULL = YES;
				CLANG_ANALYZER_NUMBER_OBJECT_CONVERSION = YES_AGGRESSIVE;
				CLANG_CXX_LANGUAGE_STANDARD = "gnu++14";
				CLANG_CXX_LIBRARY = "libc++";
				CLANG_ENABLE_MODULES = YES;
				CLANG_ENABLE_OBJC_ARC = YES;
				CLANG_ENABLE_OBJC_WEAK = YES;
				CLANG_WARN_BLOCK_CAPTURE_AUTORELEASING = YES;
				CLANG_WARN_BOOL_CONVERSION = YES;
				CLANG_WARN_COMMA = YES;
				CLANG_WARN_CONSTANT_CONVERSION = YES;
				CLANG_WARN_DEPRECATED_OBJC_IMPLEMENTATIONS = YES;
				CLANG_WARN_DIRECT_OBJC_ISA_USAGE = YES_ERROR;
				CLANG_WARN_DOCUMENTATION_COMMENTS = YES;
				CLANG_WARN_EMPTY_BODY = YES;
				CLANG_WARN_ENUM_CONVERSION = YES;
				CLANG_WARN_INFINITE_RECURSION = YES;
				CLANG_WARN_INT_CONVERSION = YES;
				CLANG_WARN_NON_LITERAL_NULL_CONVERSION = YES;
				CLANG_WARN_OBJC_IMPLICIT_RETAIN_SELF = YES;
				CLANG_WARN_OBJC_LITERAL_CONVERSION = YES;
				CLANG_WARN_OBJC_ROOT_CLASS = YES_ERROR;
				CLANG_WARN_RANGE_LOOP_ANALYSIS = YES;
				CLANG_WARN_STRICT_PROTOTYPES = YES;
				CLANG_WARN_SUSPICIOUS_MOVE = YES;
				CLANG_WARN_UNGUARDED_AVAILABILITY = YES_AGGRESSIVE;
				CLANG_WARN_UNREACHABLE_CODE = YES;
				CLANG_WARN__DUPLICATE_METHOD_MATCH = YES;
				CODE_SIGN_IDENTITY = "iPhone Developer";
				COPY_PHASE_STRIP = NO;
				DEBUG_INFORMATION_FORMAT = "dwarf-with-dsym";
				ENABLE_NS_ASSERTIONS = NO;
				ENABLE_STRICT_OBJC_MSGSEND = YES;
				GCC_C_LANGUAGE_STANDARD = gnu11;
				GCC_NO_COMMON_BLOCKS = YES;
				GCC_WARN_64_TO_32_BIT_CONVERSION = YES;
				GCC_WARN_ABOUT_RETURN_TYPE = YES_ERROR;
				GCC_WARN_UNDECLARED_SELECTOR = YES;
				GCC_WARN_UNINITIALIZED_AUTOS = YES_AGGRESSIVE;
				GCC_WARN_UNUSED_FUNCTION = YES;
				GCC_WARN_UNUSED_VARIABLE = YES;
				IPHONEOS_DEPLOYMENT_TARGET = 12.2;
				MTL_ENABLE_DEBUG_INFO = NO;
				MTL_FAST_MATH = YES;
				SDKROOT = iphoneos;
				SWIFT_COMPILATION_MODE = wholemodule;
				SWIFT_OPTIMIZATION_LEVEL = "-O";
				VALIDATE_PRODUCT = YES;
			};
			name = Release;
		};
		E677BA2A2277D121009210D4 /* Debug */ = {
			isa = XCBuildConfiguration;
			baseConfigurationReference = 314688A93A85B78337A8D2DC /* Pods-SwiftyStateMachineDemoPods-SwiftyStateMachineDemo.debug.xcconfig */;
			buildSettings = {
				ASSETCATALOG_COMPILER_APPICON_NAME = AppIcon;
				CODE_SIGN_STYLE = Automatic;
				INFOPLIST_FILE = SwiftyStateMachineDemo/Info.plist;
				LD_RUNPATH_SEARCH_PATHS = (
					"$(inherited)",
					"@executable_path/Frameworks",
				);
				PRODUCT_BUNDLE_IDENTIFIER = com.SwiftyStateMachineDemo;
				PRODUCT_NAME = "$(TARGET_NAME)";
				SWIFT_VERSION = 5.0;
				TARGETED_DEVICE_FAMILY = "1,2";
			};
			name = Debug;
		};
		E677BA2B2277D121009210D4 /* Release */ = {
			isa = XCBuildConfiguration;
			baseConfigurationReference = A1C9E353ACC27B23BC14F5A9 /* Pods-SwiftyStateMachineDemoPods-SwiftyStateMachineDemo.release.xcconfig */;
			buildSettings = {
				ASSETCATALOG_COMPILER_APPICON_NAME = AppIcon;
				CODE_SIGN_STYLE = Automatic;
				INFOPLIST_FILE = SwiftyStateMachineDemo/Info.plist;
				LD_RUNPATH_SEARCH_PATHS = (
					"$(inherited)",
					"@executable_path/Frameworks",
				);
				PRODUCT_BUNDLE_IDENTIFIER = com.SwiftyStateMachineDemo;
				PRODUCT_NAME = "$(TARGET_NAME)";
				SWIFT_VERSION = 5.0;
				TARGETED_DEVICE_FAMILY = "1,2";
			};
			name = Release;
		};
/* End XCBuildConfiguration section */

/* Begin XCConfigurationList section */
		E65BFB7F22864FFF00CF7F8A /* Build configuration list for PBXNativeTarget "SwiftyStateMachineDemoDiagramGenerator" */ = {
			isa = XCConfigurationList;
			buildConfigurations = (
				E65BFB7D22864FFF00CF7F8A /* Debug */,
				E65BFB7E22864FFF00CF7F8A /* Release */,
			);
			defaultConfigurationIsVisible = 0;
			defaultConfigurationName = Release;
		};
		E65BFB932286BA1300CF7F8A /* Build configuration list for PBXNativeTarget "Demo-macOS" */ = {
			isa = XCConfigurationList;
			buildConfigurations = (
				E65BFB912286BA1300CF7F8A /* Debug */,
				E65BFB922286BA1300CF7F8A /* Release */,
			);
			defaultConfigurationIsVisible = 0;
			defaultConfigurationName = Release;
		};
		E677BA122277D120009210D4 /* Build configuration list for PBXProject "SwiftyStateMachineDemo" */ = {
			isa = XCConfigurationList;
			buildConfigurations = (
				E677BA272277D121009210D4 /* Debug */,
				E677BA282277D121009210D4 /* Release */,
			);
			defaultConfigurationIsVisible = 0;
			defaultConfigurationName = Release;
		};
		E677BA292277D121009210D4 /* Build configuration list for PBXNativeTarget "SwiftyStateMachineDemo" */ = {
			isa = XCConfigurationList;
			buildConfigurations = (
				E677BA2A2277D121009210D4 /* Debug */,
				E677BA2B2277D121009210D4 /* Release */,
			);
			defaultConfigurationIsVisible = 0;
			defaultConfigurationName = Release;
		};
/* End XCConfigurationList section */
	};
	rootObject = E677BA0F2277D120009210D4 /* Project object */;
}
