PODS:
  - Nimble (8.0.1)
  - Quick (2.1.0)
  - SwiftyStateMachine (1.0.0)
  - SwiftyStateMachine/Tests (1.0.0):
    - Nimble
    - Quick

DEPENDENCIES:
  - SwiftyStateMachine (from `../..`)
  - SwiftyStateMachine/Tests (from `../..`)

SPEC REPOS:
  https://github.com/cocoapods/specs.git:
    - Nimble
    - Quick

EXTERNAL SOURCES:
  SwiftyStateMachine:
    :path: "../.."

SPEC CHECKSUMS:
  Nimble: 45f786ae66faa9a709624227fae502db55a8bdd0
  Quick: 4be43f6634acfa727dd106bdf3929ce125ffa79d
  SwiftyStateMachine: d326df34b8511ad4d4ea0f28780601837a74c8a2

PODFILE CHECKSUM: 6fa6af06535c3d08389de6988f29f9ffda9a52d3

COCOAPODS: 1.6.1
